
Microsoft Visual Studio Solution File, Format Version 11.00
# Visual Studio 2010
# SharpDevelop 4.2.1.8805
Project("{FAE04EC0-301F-11D3-BF4B-00C04F79EFBC}") = "ActiveWidgets", "..\ActiveWidgets\ActiveWidgets.csproj", "{957E40B7-7029-4856-BA23-6F1E74058332}"
EndProject
Project("{FAE04EC0-301F-11D3-BF4B-00C04F79EFBC}") = "ActiveWidgets.Tests", "..\ActiveWidgets.Tests\ActiveWidgets.Tests.csproj", "{26E278E5-35A7-4AF5-AC8D-1CE8769CE7CA}"
EndProject
Project("{FAE04EC0-301F-11D3-BF4B-00C04F79EFBC}") = "Store", "Store\Store.csproj", "{B276FE0F-FE12-45BD-AF1D-F40933838CA6}"
EndProject
Project("{FAE04EC0-301F-11D3-BF4B-00C04F79EFBC}") = "Store.Tests", "Store.Tests\Store.Tests.csproj", "{93FA64ED-6A10-48EB-9A5C-0A0B4C3807B1}"
EndProject
Project("{FAE04EC0-301F-11D3-BF4B-00C04F79EFBC}") = "Store.Win", "Store.Win\Store.Win.csproj", "{E7AE2CFD-7439-49C3-B14E-0234C5A62E43}"
EndProject
Project("{FAE04EC0-301F-11D3-BF4B-00C04F79EFBC}") = "Store.Win.Tests", "Store.Win.Tests\Store.Win.Tests.csproj", "{133008EB-21E8-495F-B832-C5BB70117D3D}"
EndProject
Project("{FAE04EC0-301F-11D3-BF4B-00C04F79EFBC}") = "PfGrid.Boundaries", "..\PfGrid.Boundaries\PfGrid.Boundaries.csproj", "{69DD8500-DE16-472C-ABAB-02E482780A74}"
EndProject
Global
	GlobalSection(SolutionConfigurationPlatforms) = preSolution
		Debug|x86 = Debug|x86
		Release|x86 = Release|x86
	EndGlobalSection
	GlobalSection(ProjectConfigurationPlatforms) = postSolution
		{957E40B7-7029-4856-BA23-6F1E74058332}.Debug|x86.Build.0 = Debug|x86
		{957E40B7-7029-4856-BA23-6F1E74058332}.Debug|x86.ActiveCfg = Debug|x86
		{957E40B7-7029-4856-BA23-6F1E74058332}.Release|x86.Build.0 = Release|x86
		{957E40B7-7029-4856-BA23-6F1E74058332}.Release|x86.ActiveCfg = Release|x86
		{26E278E5-35A7-4AF5-AC8D-1CE8769CE7CA}.Debug|x86.Build.0 = Debug|x86
		{26E278E5-35A7-4AF5-AC8D-1CE8769CE7CA}.Debug|x86.ActiveCfg = Debug|x86
		{26E278E5-35A7-4AF5-AC8D-1CE8769CE7CA}.Release|x86.Build.0 = Release|x86
		{26E278E5-35A7-4AF5-AC8D-1CE8769CE7CA}.Release|x86.ActiveCfg = Release|x86
		{B276FE0F-FE12-45BD-AF1D-F40933838CA6}.Debug|x86.Build.0 = Debug|x86
		{B276FE0F-FE12-45BD-AF1D-F40933838CA6}.Debug|x86.ActiveCfg = Debug|x86
		{B276FE0F-FE12-45BD-AF1D-F40933838CA6}.Release|x86.Build.0 = Release|x86
		{B276FE0F-FE12-45BD-AF1D-F40933838CA6}.Release|x86.ActiveCfg = Release|x86
		{93FA64ED-6A10-48EB-9A5C-0A0B4C3807B1}.Debug|x86.Build.0 = Debug|x86
		{93FA64ED-6A10-48EB-9A5C-0A0B4C3807B1}.Debug|x86.ActiveCfg = Debug|x86
		{93FA64ED-6A10-48EB-9A5C-0A0B4C3807B1}.Release|x86.Build.0 = Release|x86
		{93FA64ED-6A10-48EB-9A5C-0A0B4C3807B1}.Release|x86.ActiveCfg = Release|x86
		{E7AE2CFD-7439-49C3-B14E-0234C5A62E43}.Debug|x86.Build.0 = Debug|x86
		{E7AE2CFD-7439-49C3-B14E-0234C5A62E43}.Debug|x86.ActiveCfg = Debug|x86
		{E7AE2CFD-7439-49C3-B14E-0234C5A62E43}.Release|x86.Build.0 = Release|x86
		{E7AE2CFD-7439-49C3-B14E-0234C5A62E43}.Release|x86.ActiveCfg = Release|x86
		{133008EB-21E8-495F-B832-C5BB70117D3D}.Debug|x86.Build.0 = Debug|x86
		{133008EB-21E8-495F-B832-C5BB70117D3D}.Debug|x86.ActiveCfg = Debug|x86
		{133008EB-21E8-495F-B832-C5BB70117D3D}.Release|x86.Build.0 = Release|x86
		{133008EB-21E8-495F-B832-C5BB70117D3D}.Release|x86.ActiveCfg = Release|x86
		{69DD8500-DE16-472C-ABAB-02E482780A74}.Debug|x86.Build.0 = Debug|x86
		{69DD8500-DE16-472C-ABAB-02E482780A74}.Debug|x86.ActiveCfg = Debug|x86
		{69DD8500-DE16-472C-ABAB-02E482780A74}.Release|x86.Build.0 = Release|x86
		{69DD8500-DE16-472C-ABAB-02E482780A74}.Release|x86.ActiveCfg = Release|x86
	EndGlobalSection
EndGlobal
